
Microsoft Visual Studio Solution File, Format Version 12.00
# Visual Studio Version 16
VisualStudioVersion = 16.0.30907.101
MinimumVisualStudioVersion = 10.0.40219.1
Project("{8BC9CEB8-8B4A-11D0-8D11-00A0C91BC942}") = "ProjectGameOfLife", "ProjectGameOfLife\ProjectGameOfLife.vcxproj", "{9D5FDE89-9684-456B-9EF2-F36E9512753A}"
EndProject
Global
	GlobalSection(SolutionConfigurationPlatforms) = preSolution
		Debug|x64 = Debug|x64
		Debug|x86 = Debug|x86
		Release|x64 = Release|x64
		Release|x86 = Release|x86
	EndGlobalSection
	GlobalSection(ProjectConfigurationPlatforms) = postSolution
		{9D5FDE89-9684-456B-9EF2-F36E9512753A}.Debug|x64.ActiveCfg = Debug|x64
		{9D5FDE89-9684-456B-9EF2-F36E9512753A}.Debug|x64.Build.0 = Debug|x64
		{9D5FDE89-9684-456B-9EF2-F36E9512753A}.Debug|x86.ActiveCfg = Debug|Win32
		{9D5FDE89-9684-456B-9EF2-F36E9512753A}.Debug|x86.Build.0 = Debug|Win32
		{9D5FDE89-9684-456B-9EF2-F36E9512753A}.Release|x64.ActiveCfg = Release|x64
		{9D5FDE89-9684-456B-9EF2-F36E9512753A}.Release|x64.Build.0 = Release|x64
		{9D5FDE89-9684-456B-9EF2-F36E9512753A}.Release|x86.ActiveCfg = Release|Win32
		{9D5FDE89-9684-456B-9EF2-F36E9512753A}.Release|x86.Build.0 = Release|Win32
	EndGlobalSection
	GlobalSection(SolutionProperties) = preSolution
		HideSolutionNode = FALSE
	EndGlobalSection
	GlobalSection(ExtensibilityGlobals) = postSolution
		SolutionGuid = {8383E1D1-7996-4085-BC2D-239DDB376F63}
	EndGlobalSection
EndGlobal
